{
  "version": "3",
  "packages": {
    "specifiers": {
      "npm:@asteasolutions/zod-to-openapi": "npm:@asteasolutions/zod-to-openapi@5.5.0_zod@3.22.4",
      "npm:@asteasolutions/zod-to-openapi@5.5.0": "npm:@asteasolutions/zod-to-openapi@5.5.0_zod@3.22.4",
      "npm:@faker-js/faker": "npm:@faker-js/faker@8.2.0",
      "npm:@hono/zod-openapi": "npm:@hono/zod-openapi@0.8.0_hono@3.8.3_zod@3.22.4",
      "npm:@hono/zod-openapi@0.8.0": "npm:@hono/zod-openapi@0.8.0_hono@3.8.3_zod@3.22.4",
      "npm:dayjs@1.11.10": "npm:dayjs@1.11.10",
      "npm:hono": "npm:hono@3.8.3",
      "npm:hono@3.8.3": "npm:hono@3.8.3",
      "npm:kysely@0.26.3": "npm:kysely@0.26.3",
      "npm:kysely@^0.26.3": "npm:kysely@0.26.3",
      "npm:ts-pattern@5.0.5": "npm:ts-pattern@5.0.5",
      "npm:zod": "npm:zod@3.22.4",
      "npm:zod@3.22.4": "npm:zod@3.22.4"
    },
    "npm": {
      "@asteasolutions/zod-to-openapi@5.5.0_zod@3.22.4": {
        "integrity": "sha512-d5HwrvM6dOKr3XdeF+DmashGvfEc+1oiEfbscugsiwSTrFtuMa7ETpW9sTNnVgn+hJaz+PRxPQUYD7q9/5dUig==",
        "dependencies": {
          "openapi3-ts": "openapi3-ts@4.1.2",
          "zod": "zod@3.22.4"
        }
      },
      "@faker-js/faker@8.2.0": {
        "integrity": "sha512-VacmzZqVxdWdf9y64lDOMZNDMM/FQdtM9IsaOPKOm2suYwEatb8VkdHqOzXcDnZbk7YDE2BmsJmy/2Hmkn563g==",
        "dependencies": {}
      },
      "@hono/zod-openapi@0.8.0_hono@3.8.3_zod@3.22.4": {
        "integrity": "sha512-a4NNoRYBGJWdNGCZ6u8a3bfCN6L79r8X5u+mU/dISo1IDe01miGdECbGBd4A5HflYU67G2qNXavATZ0ffCqhMQ==",
        "dependencies": {
          "@asteasolutions/zod-to-openapi": "@asteasolutions/zod-to-openapi@5.5.0_zod@3.22.4",
          "@hono/zod-validator": "@hono/zod-validator@0.1.10_hono@3.8.3_zod@3.22.4",
          "hono": "hono@3.8.3",
          "zod": "zod@3.22.4"
        }
      },
      "@hono/zod-validator@0.1.10_hono@3.8.3_zod@3.22.4": {
        "integrity": "sha512-jLO2w++X2qy7VQe9/4uZG7UvgUiR5DLRdDXUkQM726hqbO18YgB6umF2k/Fr/hOrv9kShBJGTmaSPBjA5r7ksg==",
        "dependencies": {
          "hono": "hono@3.8.3",
          "zod": "zod@3.22.4"
        }
      },
      "dayjs@1.11.10": {
        "integrity": "sha512-vjAczensTgRcqDERK0SR2XMwsF/tSvnvlv6VcF2GIhg6Sx4yOIt/irsr1RDJsKiIyBzJDpCoXiWWq28MqH2cnQ==",
        "dependencies": {}
      },
      "hono@3.8.3": {
        "integrity": "sha512-NLJgUCKKMvijBy+V+U1FQTsNwHk2bD1KGlWJA9+qaCNWgx5St9bhfQwxrpcTGvG2Gi2naemTWCzBavDNXOqO6Q==",
        "dependencies": {}
      },
      "kysely@0.26.3": {
        "integrity": "sha512-yWSgGi9bY13b/W06DD2OCDDHQmq1kwTGYlQ4wpZkMOJqMGCstVCFIvxCCVG4KfY1/3G0MhDAcZsip/Lw8/vJWw==",
        "dependencies": {}
      },
      "openapi3-ts@4.1.2": {
        "integrity": "sha512-B7gOkwsYMZO7BZXwJzXCuVagym2xhqsrilVvV0dnq2Di4+iLUXKVX9gOK23ZqaAHZOwABXN0QTdW8QnkUTX6DA==",
        "dependencies": {
          "yaml": "yaml@2.3.3"
        }
      },
      "ts-pattern@5.0.5": {
        "integrity": "sha512-tL0w8U/pgaacOmkb9fRlYzWEUDCfVjjv9dD4wHTgZ61MjhuMt46VNWTG747NqW6vRzoWIKABVhFSOJ82FvXrfA==",
        "dependencies": {}
      },
      "yaml@2.3.3": {
        "integrity": "sha512-zw0VAJxgeZ6+++/su5AFoqBbZbrEakwu+X0M5HmcwUiBL7AzcuPKjj5we4xfQLp78LkEMpD0cOnUhmgOVy3KdQ==",
        "dependencies": {}
      },
      "zod@3.22.4": {
        "integrity": "sha512-iC+8Io04lddc+mVqQ9AZ7OQ2MrUKGN+oIQyq1vemgt46jwCwLfhq7/pwnBnNXXXZb8VTVLKwp9EDkx+ryxIWmg==",
        "dependencies": {}
      }
    }
  },
  "redirects": {
    "https://deno.land/x/dotenv/mod.ts": "https://deno.land/x/dotenv@v3.2.2/mod.ts"
  },
  "remote": {
    "https://deno.land/std@0.204.0/assert/_constants.ts": "8a9da298c26750b28b326b297316cdde860bc237533b07e1337c021379e6b2a9",
    "https://deno.land/std@0.204.0/assert/_diff.ts": "58e1461cc61d8eb1eacbf2a010932bf6a05b79344b02ca38095f9b805795dc48",
    "https://deno.land/std@0.204.0/assert/_format.ts": "a69126e8a469009adf4cf2a50af889aca364c349797e63174884a52ff75cf4c7",
    "https://deno.land/std@0.204.0/assert/assert.ts": "9a97dad6d98c238938e7540736b826440ad8c1c1e54430ca4c4e623e585607ee",
    "https://deno.land/std@0.204.0/assert/assert_equals.ts": "d8ec8a22447fbaf2fc9d7c3ed2e66790fdb74beae3e482855d75782218d68227",
    "https://deno.land/std@0.204.0/assert/assert_is_error.ts": "c21113094a51a296ffaf036767d616a78a2ae5f9f7bbd464cd0197476498b94b",
    "https://deno.land/std@0.204.0/assert/assert_match.ts": "c4083f80600bc190309903c95e397a7c9257ff8b5ae5c7ef91e834704e672e9b",
    "https://deno.land/std@0.204.0/assert/assert_object_match.ts": "d8fc2867cfd92eeacf9cea621e10336b666de1874a6767b5ec48988838370b54",
    "https://deno.land/std@0.204.0/assert/assert_throws.ts": "63784e951475cb7bdfd59878cd25a0931e18f6dc32a6077c454b2cd94f4f4bcd",
    "https://deno.land/std@0.204.0/assert/assertion_error.ts": "4d0bde9b374dfbcbe8ac23f54f567b77024fb67dbb1906a852d67fe050d42f56",
    "https://deno.land/std@0.204.0/assert/equal.ts": "9f1a46d5993966d2596c44e5858eec821859b45f783a5ee2f7a695dfc12d8ece",
    "https://deno.land/std@0.204.0/fmt/colors.ts": "c51c4642678eb690dcf5ffee5918b675bf01a33fba82acf303701ae1a4f8c8d9",
    "https://deno.land/x/bcrypt@v0.4.1/mod.ts": "ff09bdae282583cf5f7d87efe37ddcecef7f14f6d12e8b8066a3058db8c6c2f7",
    "https://deno.land/x/bcrypt@v0.4.1/src/bcrypt/base64.ts": "b8266450a4f1eb6960f60f2f7986afc4dde6b45bd2d7ee7ba10789e67e17b9f7",
    "https://deno.land/x/bcrypt@v0.4.1/src/bcrypt/bcrypt.ts": "ec221648cc6453ea5e3803bc817c01157dada06aa6f7a0ba6b9f87aae32b21e2",
    "https://deno.land/x/bcrypt@v0.4.1/src/main.ts": "08d201b289c8d9c46f8839c69cd6625b213863db29775c7a200afc3b540e64f8",
    "https://deno.land/x/dotenv@v3.2.2/mod.ts": "077b48773de9205266a0b44c3c3a3c3083449ed64bb0b6cc461b95720678d38e",
    "https://deno.land/x/dotenv@v3.2.2/util.ts": "693730877b13f8ead2b79b2aa31e2a0652862f7dc0c5f6d2f313f4d39c7b7670",
    "https://deno.land/x/sqlite@v3.8/build/sqlite.js": "72f63689fffcb9bb5ae10b1e8f7db09ea845cdf713e0e3a9693d8416a28f92a6",
    "https://deno.land/x/sqlite@v3.8/build/vfs.js": "08533cc78fb29b9d9bd62f6bb93e5ef333407013fed185776808f11223ba0e70",
    "https://deno.land/x/sqlite@v3.8/mod.ts": "e09fc79d8065fe222578114b109b1fd60077bff1bb75448532077f784f4d6a83",
    "https://deno.land/x/sqlite@v3.8/src/constants.ts": "90f3be047ec0a89bcb5d6fc30db121685fc82cb00b1c476124ff47a4b0472aa9",
    "https://deno.land/x/sqlite@v3.8/src/db.ts": "7d3251021756fa80f382c3952217c7446c5c8c1642b63511da0938fe33562663",
    "https://deno.land/x/sqlite@v3.8/src/error.ts": "f7a15cb00d7c3797da1aefee3cf86d23e0ae92e73f0ba3165496c3816ab9503a",
    "https://deno.land/x/sqlite@v3.8/src/function.ts": "e4c83b8ec64bf88bafad2407376b0c6a3b54e777593c70336fb40d43a79865f2",
    "https://deno.land/x/sqlite@v3.8/src/query.ts": "d58abda928f6582d77bad685ecf551b1be8a15e8e38403e293ec38522e030cad",
    "https://deno.land/x/sqlite@v3.8/src/wasm.ts": "e79d0baa6e42423257fb3c7cc98091c54399254867e0f34a09b5bdef37bd9487",
    "https://gitlab.com/scarf005/kysely-deno-sqlite/-/raw/d3c7d40fa716d50a9499b3f4e67a8f7e9d819844/deps.ts": "c12d4e54d290392e14f399d0330979fd4fae70962e7647deae79dba14f7f246a",
    "https://gitlab.com/scarf005/kysely-deno-sqlite/-/raw/d3c7d40fa716d50a9499b3f4e67a8f7e9d819844/mod.ts": "0fec7f0092e276e8eec5391e26558826fcce7ef8d24730513782914b1aec365d",
    "https://gitlab.com/scarf005/kysely-deno-sqlite/-/raw/d3c7d40fa716d50a9499b3f4e67a8f7e9d819844/src/deno-sqlite-dialect-config.ts": "abf0781fef4934a8e6bc7263f85fc3caf059ebb9ece1e78bee6f0abb85fade94",
    "https://gitlab.com/scarf005/kysely-deno-sqlite/-/raw/d3c7d40fa716d50a9499b3f4e67a8f7e9d819844/src/deno-sqlite-dialect.ts": "7e21aa6dcfe8d99c9b48bc32e6dc7f56a72452d34448b59a65f5477da21a7163",
    "https://gitlab.com/scarf005/kysely-deno-sqlite/-/raw/d3c7d40fa716d50a9499b3f4e67a8f7e9d819844/src/deno-sqlite-driver.ts": "2fed6300f3e153a41567b17656ea70fe2695cb09fb367e24fd11e13d001c27ea"
  }
}
